# This file is autogenerated, do not edit; changes may be undone by the next 'dep ensure'.


[[projects]]
  branch = "master"
  name = "golang.org/x/tools"
  packages = ["go/gcexportdata","go/gcimporter15","go/types/typeutil"]
  revision = "bd4635fd25596cdd56c1fb399c53b351d1a81f2d"

[solve-meta]
  analyzer-name = "dep"
  analyzer-version = 1
  inputs-digest = "d6bf572ec1a4e7b41d1fb9b68517ddf415e15035576fd45683041f628c285d55"
  solver-name = "gps-cdcl"
  solver-version = 1
